lockfileVersion: 5.4

importers:

  .:
    specifiers:
      '@ajiu9/eslint-config': workspace:*
      eslint-plugin-aNine: link:./packages/eslint-plugin-aNine
      typescript: ^5.1.6
    devDependencies:
      '@ajiu9/eslint-config': link:packages/eslint-config
      eslint-plugin-aNine: link:packages/eslint-plugin-aNine
      typescript: 5.1.6

  packages/eslint-config:
    specifiers: {}

  packages/eslint-plugin-ajiu9:
    specifiers: {}

packages:

  /typescript/5.1.6:
    resolution: {integrity: sha512-zaWCozRZ6DLEWAWFrVDz1H6FVXzUSfTy5FUMWsQlU8Ym5JP9eO4xkTIROFCQvhQf61z6O/G6ugw3SgAnvvm+HA==}
    engines: {node: '>=14.17'}
    hasBin: true
    dev: true
